
Microsoft Visual Studio Solution File, Format Version 12.00
# Visual Studio 15
VisualStudioVersion = 15.0.27130.2010
MinimumVisualStudioVersion = 15.0.26124.0
Project("{2150E333-8FDC-42A3-9474-1A3956D46DE8}") = "src", "src", "{00284472-E972-43C0-999D-AB2C0853AD4E}"
EndProject
Project("{2150E333-8FDC-42A3-9474-1A3956D46DE8}") = "tests", "tests", "{47E4605D-2C46-4D7D-A48D-871D39050BD8}"
EndProject
Project("{2150E333-8FDC-42A3-9474-1A3956D46DE8}") = "samples", "samples", "{546B970A-F08A-462A-B2AF-F170962B8F91}"
EndProject
Project("{2150E333-8FDC-42A3-9474-1A3956D46DE8}") = "Solution Items", "Solution Items", "{CB620875-4886-484F-AD34-466CDB8A611A}"
	ProjectSection(SolutionItems) = preProject
		.editorconfig = .editorconfig
		.gitattributes = .gitattributes
		.gitignore = .gitignore
		Directory.Build.props = Directory.Build.props
		README.md = README.md
	EndProjectSection
EndProject
Project("{9A19103F-16F7-4668-BE54-9A1E7A4F7556}") = "AzBreak.AmazonMWS.Core", "src\AzBreak.AmazonMWS.Core\AzBreak.AmazonMWS.Core.csproj", "{D213DFF4-56EB-4860-8C37-5B82A5293BF7}"
EndProject
Project("{9A19103F-16F7-4668-BE54-9A1E7A4F7556}") = "AzBreak.AmazonMWS.Feeds", "src\AzBreak.AmazonMWS.Feeds\AzBreak.AmazonMWS.Feeds.csproj", "{4BCDD3B6-AA86-44B7-881C-72E8AEBC9546}"
EndProject
Project("{9A19103F-16F7-4668-BE54-9A1E7A4F7556}") = "AzBreak.AmazonMWS.Orders", "src\AzBreak.AmazonMWS.Orders\AzBreak.AmazonMWS.Orders.csproj", "{B4A16D38-AA12-4B0C-9290-F049C6DB3BF8}"
EndProject
Project("{9A19103F-16F7-4668-BE54-9A1E7A4F7556}") = "AzBreak.AmazonMWS.Reports", "src\AzBreak.AmazonMWS.Reports\AzBreak.AmazonMWS.Reports.csproj", "{A1BEDA2F-42FF-4739-A56A-93E242B1E91C}"
EndProject
Project("{9A19103F-16F7-4668-BE54-9A1E7A4F7556}") = "AzBreak.AmazonMWS", "src\AzBreak.AmazonMWS\AzBreak.AmazonMWS.csproj", "{CE3146EF-38F2-492D-956C-BE885F3E32CA}"
EndProject
Project("{9A19103F-16F7-4668-BE54-9A1E7A4F7556}") = "AzBreak.AmazonMWS.Core.Tests", "tests\AzBreak.AmazonMWS.Core.Tests\AzBreak.AmazonMWS.Core.Tests.csproj", "{A2295A21-9D1B-42E5-8FC2-5B14525AA43B}"
EndProject
Project("{9A19103F-16F7-4668-BE54-9A1E7A4F7556}") = "AzBreak.AmazonMWS.Feeds.Tests", "tests\AzBreak.AmazonMWS.Feeds.Tests\AzBreak.AmazonMWS.Feeds.Tests.csproj", "{DD5A1038-54A0-4603-B27B-1F219023EF93}"
EndProject
Project("{9A19103F-16F7-4668-BE54-9A1E7A4F7556}") = "AzBreak.AmazonMWS.Reports.Tests", "tests\AzBreak.AmazonMWS.Reports.Tests\AzBreak.AmazonMWS.Reports.Tests.csproj", "{3F31BEAB-08D6-4947-9590-C35AA97EE70C}"
EndProject
Project("{9A19103F-16F7-4668-BE54-9A1E7A4F7556}") = "AzBreak.AmazonMWS.TestSuite", "tests\AzBreak.AmazonMWS.TestSuite\AzBreak.AmazonMWS.TestSuite.csproj", "{88E05DE8-3657-4A8E-8F95-A049AFCB61D4}"
EndProject
Project("{9A19103F-16F7-4668-BE54-9A1E7A4F7556}") = "ListOrders.AspNetCore", "samples\ListOrders.AspNetCore\ListOrders.AspNetCore.csproj", "{B539F913-1781-4767-95C4-089C93B06A34}"
EndProject
Project("{9A19103F-16F7-4668-BE54-9A1E7A4F7556}") = "AzBreak.AmazonMWS.Factory", "src\AzBreak.AmazonMWS.Factory\AzBreak.AmazonMWS.Factory.csproj", "{0CB792EA-FF82-4B48-A4BF-F2C841546126}"
EndProject
Project("{9A19103F-16F7-4668-BE54-9A1E7A4F7556}") = "AzBreak.AmazonMWS.Sellers", "src\AzBreak.AmazonMWS.Sellers\AzBreak.AmazonMWS.Sellers.csproj", "{57583FF2-4949-4832-AC8B-709EA88AAD14}"
EndProject
Project("{9A19103F-16F7-4668-BE54-9A1E7A4F7556}") = "SampleHost.NetCore", "samples\SampleHost.NetCore\SampleHost.NetCore.csproj", "{702A0D42-C20D-4B11-A8B7-0CB1FEED7B63}"
EndProject
Project("{FAE04EC0-301F-11D3-BF4B-00C04F79EFBC}") = "AzBreak.AmazonMWS.Products", "src\AzBreak.AmazonMWS.Products\AzBreak.AmazonMWS.Products.csproj", "{4BD773C1-9C72-4204-9B52-4845443DB9E7}"
EndProject
Global
	GlobalSection(SolutionConfigurationPlatforms) = preSolution
		Debug|Any CPU = Debug|Any CPU
		Debug|x64 = Debug|x64
		Debug|x86 = Debug|x86
		Release|Any CPU = Release|Any CPU
		Release|x64 = Release|x64
		Release|x86 = Release|x86
	EndGlobalSection
	GlobalSection(ProjectConfigurationPlatforms) = postSolution
		{D213DFF4-56EB-4860-8C37-5B82A5293BF7}.Debug|Any CPU.ActiveCfg = Debug|Any CPU
		{D213DFF4-56EB-4860-8C37-5B82A5293BF7}.Debug|Any CPU.Build.0 = Debug|Any CPU
		{D213DFF4-56EB-4860-8C37-5B82A5293BF7}.Debug|x64.ActiveCfg = Debug|Any CPU
		{D213DFF4-56EB-4860-8C37-5B82A5293BF7}.Debug|x64.Build.0 = Debug|Any CPU
		{D213DFF4-56EB-4860-8C37-5B82A5293BF7}.Debug|x86.ActiveCfg = Debug|Any CPU
		{D213DFF4-56EB-4860-8C37-5B82A5293BF7}.Debug|x86.Build.0 = Debug|Any CPU
		{D213DFF4-56EB-4860-8C37-5B82A5293BF7}.Release|Any CPU.ActiveCfg = Release|Any CPU
		{D213DFF4-56EB-4860-8C37-5B82A5293BF7}.Release|Any CPU.Build.0 = Release|Any CPU
		{D213DFF4-56EB-4860-8C37-5B82A5293BF7}.Release|x64.ActiveCfg = Release|Any CPU
		{D213DFF4-56EB-4860-8C37-5B82A5293BF7}.Release|x64.Build.0 = Release|Any CPU
		{D213DFF4-56EB-4860-8C37-5B82A5293BF7}.Release|x86.ActiveCfg = Release|Any CPU
		{D213DFF4-56EB-4860-8C37-5B82A5293BF7}.Release|x86.Build.0 = Release|Any CPU
		{4BCDD3B6-AA86-44B7-881C-72E8AEBC9546}.Debug|Any CPU.ActiveCfg = Debug|Any CPU
		{4BCDD3B6-AA86-44B7-881C-72E8AEBC9546}.Debug|Any CPU.Build.0 = Debug|Any CPU
		{4BCDD3B6-AA86-44B7-881C-72E8AEBC9546}.Debug|x64.ActiveCfg = Debug|Any CPU
		{4BCDD3B6-AA86-44B7-881C-72E8AEBC9546}.Debug|x64.Build.0 = Debug|Any CPU
		{4BCDD3B6-AA86-44B7-881C-72E8AEBC9546}.Debug|x86.ActiveCfg = Debug|Any CPU
		{4BCDD3B6-AA86-44B7-881C-72E8AEBC9546}.Debug|x86.Build.0 = Debug|Any CPU
		{4BCDD3B6-AA86-44B7-881C-72E8AEBC9546}.Release|Any CPU.ActiveCfg = Release|Any CPU
		{4BCDD3B6-AA86-44B7-881C-72E8AEBC9546}.Release|Any CPU.Build.0 = Release|Any CPU
		{4BCDD3B6-AA86-44B7-881C-72E8AEBC9546}.Release|x64.ActiveCfg = Release|Any CPU
		{4BCDD3B6-AA86-44B7-881C-72E8AEBC9546}.Release|x64.Build.0 = Release|Any CPU
		{4BCDD3B6-AA86-44B7-881C-72E8AEBC9546}.Release|x86.ActiveCfg = Release|Any CPU
		{4BCDD3B6-AA86-44B7-881C-72E8AEBC9546}.Release|x86.Build.0 = Release|Any CPU
		{B4A16D38-AA12-4B0C-9290-F049C6DB3BF8}.Debug|Any CPU.ActiveCfg = Debug|Any CPU
		{B4A16D38-AA12-4B0C-9290-F049C6DB3BF8}.Debug|Any CPU.Build.0 = Debug|Any CPU
		{B4A16D38-AA12-4B0C-9290-F049C6DB3BF8}.Debug|x64.ActiveCfg = Debug|Any CPU
		{B4A16D38-AA12-4B0C-9290-F049C6DB3BF8}.Debug|x64.Build.0 = Debug|Any CPU
		{B4A16D38-AA12-4B0C-9290-F049C6DB3BF8}.Debug|x86.ActiveCfg = Debug|Any CPU
		{B4A16D38-AA12-4B0C-9290-F049C6DB3BF8}.Debug|x86.Build.0 = Debug|Any CPU
		{B4A16D38-AA12-4B0C-9290-F049C6DB3BF8}.Release|Any CPU.ActiveCfg = Release|Any CPU
		{B4A16D38-AA12-4B0C-9290-F049C6DB3BF8}.Release|Any CPU.Build.0 = Release|Any CPU
		{B4A16D38-AA12-4B0C-9290-F049C6DB3BF8}.Release|x64.ActiveCfg = Release|Any CPU
		{B4A16D38-AA12-4B0C-9290-F049C6DB3BF8}.Release|x64.Build.0 = Release|Any CPU
		{B4A16D38-AA12-4B0C-9290-F049C6DB3BF8}.Release|x86.ActiveCfg = Release|Any CPU
		{B4A16D38-AA12-4B0C-9290-F049C6DB3BF8}.Release|x86.Build.0 = Release|Any CPU
		{A1BEDA2F-42FF-4739-A56A-93E242B1E91C}.Debug|Any CPU.ActiveCfg = Debug|Any CPU
		{A1BEDA2F-42FF-4739-A56A-93E242B1E91C}.Debug|Any CPU.Build.0 = Debug|Any CPU
		{A1BEDA2F-42FF-4739-A56A-93E242B1E91C}.Debug|x64.ActiveCfg = Debug|Any CPU
		{A1BEDA2F-42FF-4739-A56A-93E242B1E91C}.Debug|x64.Build.0 = Debug|Any CPU
		{A1BEDA2F-42FF-4739-A56A-93E242B1E91C}.Debug|x86.ActiveCfg = Debug|Any CPU
		{A1BEDA2F-42FF-4739-A56A-93E242B1E91C}.Debug|x86.Build.0 = Debug|Any CPU
		{A1BEDA2F-42FF-4739-A56A-93E242B1E91C}.Release|Any CPU.ActiveCfg = Release|Any CPU
		{A1BEDA2F-42FF-4739-A56A-93E242B1E91C}.Release|Any CPU.Build.0 = Release|Any CPU
		{A1BEDA2F-42FF-4739-A56A-93E242B1E91C}.Release|x64.ActiveCfg = Release|Any CPU
		{A1BEDA2F-42FF-4739-A56A-93E242B1E91C}.Release|x64.Build.0 = Release|Any CPU
		{A1BEDA2F-42FF-4739-A56A-93E242B1E91C}.Release|x86.ActiveCfg = Release|Any CPU
		{A1BEDA2F-42FF-4739-A56A-93E242B1E91C}.Release|x86.Build.0 = Release|Any CPU
		{CE3146EF-38F2-492D-956C-BE885F3E32CA}.Debug|Any CPU.ActiveCfg = Debug|Any CPU
		{CE3146EF-38F2-492D-956C-BE885F3E32CA}.Debug|Any CPU.Build.0 = Debug|Any CPU
		{CE3146EF-38F2-492D-956C-BE885F3E32CA}.Debug|x64.ActiveCfg = Debug|Any CPU
		{CE3146EF-38F2-492D-956C-BE885F3E32CA}.Debug|x64.Build.0 = Debug|Any CPU
		{CE3146EF-38F2-492D-956C-BE885F3E32CA}.Debug|x86.ActiveCfg = Debug|Any CPU
		{CE3146EF-38F2-492D-956C-BE885F3E32CA}.Debug|x86.Build.0 = Debug|Any CPU
		{CE3146EF-38F2-492D-956C-BE885F3E32CA}.Release|Any CPU.ActiveCfg = Release|Any CPU
		{CE3146EF-38F2-492D-956C-BE885F3E32CA}.Release|Any CPU.Build.0 = Release|Any CPU
		{CE3146EF-38F2-492D-956C-BE885F3E32CA}.Release|x64.ActiveCfg = Release|Any CPU
		{CE3146EF-38F2-492D-956C-BE885F3E32CA}.Release|x64.Build.0 = Release|Any CPU
		{CE3146EF-38F2-492D-956C-BE885F3E32CA}.Release|x86.ActiveCfg = Release|Any CPU
		{CE3146EF-38F2-492D-956C-BE885F3E32CA}.Release|x86.Build.0 = Release|Any CPU
		{A2295A21-9D1B-42E5-8FC2-5B14525AA43B}.Debug|Any CPU.ActiveCfg = Debug|Any CPU
		{A2295A21-9D1B-42E5-8FC2-5B14525AA43B}.Debug|Any CPU.Build.0 = Debug|Any CPU
		{A2295A21-9D1B-42E5-8FC2-5B14525AA43B}.Debug|x64.ActiveCfg = Debug|Any CPU
		{A2295A21-9D1B-42E5-8FC2-5B14525AA43B}.Debug|x64.Build.0 = Debug|Any CPU
		{A2295A21-9D1B-42E5-8FC2-5B14525AA43B}.Debug|x86.ActiveCfg = Debug|Any CPU
		{A2295A21-9D1B-42E5-8FC2-5B14525AA43B}.Debug|x86.Build.0 = Debug|Any CPU
		{A2295A21-9D1B-42E5-8FC2-5B14525AA43B}.Release|Any CPU.ActiveCfg = Release|Any CPU
		{A2295A21-9D1B-42E5-8FC2-5B14525AA43B}.Release|Any CPU.Build.0 = Release|Any CPU
		{A2295A21-9D1B-42E5-8FC2-5B14525AA43B}.Release|x64.ActiveCfg = Release|Any CPU
		{A2295A21-9D1B-42E5-8FC2-5B14525AA43B}.Release|x64.Build.0 = Release|Any CPU
		{A2295A21-9D1B-42E5-8FC2-5B14525AA43B}.Release|x86.ActiveCfg = Release|Any CPU
		{A2295A21-9D1B-42E5-8FC2-5B14525AA43B}.Release|x86.Build.0 = Release|Any CPU
		{DD5A1038-54A0-4603-B27B-1F219023EF93}.Debug|Any CPU.ActiveCfg = Debug|Any CPU
		{DD5A1038-54A0-4603-B27B-1F219023EF93}.Debug|Any CPU.Build.0 = Debug|Any CPU
		{DD5A1038-54A0-4603-B27B-1F219023EF93}.Debug|x64.ActiveCfg = Debug|Any CPU
		{DD5A1038-54A0-4603-B27B-1F219023EF93}.Debug|x64.Build.0 = Debug|Any CPU
		{DD5A1038-54A0-4603-B27B-1F219023EF93}.Debug|x86.ActiveCfg = Debug|Any CPU
		{DD5A1038-54A0-4603-B27B-1F219023EF93}.Debug|x86.Build.0 = Debug|Any CPU
		{DD5A1038-54A0-4603-B27B-1F219023EF93}.Release|Any CPU.ActiveCfg = Release|Any CPU
		{DD5A1038-54A0-4603-B27B-1F219023EF93}.Release|Any CPU.Build.0 = Release|Any CPU
		{DD5A1038-54A0-4603-B27B-1F219023EF93}.Release|x64.ActiveCfg = Release|Any CPU
		{DD5A1038-54A0-4603-B27B-1F219023EF93}.Release|x64.Build.0 = Release|Any CPU
		{DD5A1038-54A0-4603-B27B-1F219023EF93}.Release|x86.ActiveCfg = Release|Any CPU
		{DD5A1038-54A0-4603-B27B-1F219023EF93}.Release|x86.Build.0 = Release|Any CPU
		{3F31BEAB-08D6-4947-9590-C35AA97EE70C}.Debug|Any CPU.ActiveCfg = Debug|Any CPU
		{3F31BEAB-08D6-4947-9590-C35AA97EE70C}.Debug|Any CPU.Build.0 = Debug|Any CPU
		{3F31BEAB-08D6-4947-9590-C35AA97EE70C}.Debug|x64.ActiveCfg = Debug|Any CPU
		{3F31BEAB-08D6-4947-9590-C35AA97EE70C}.Debug|x64.Build.0 = Debug|Any CPU
		{3F31BEAB-08D6-4947-9590-C35AA97EE70C}.Debug|x86.ActiveCfg = Debug|Any CPU
		{3F31BEAB-08D6-4947-9590-C35AA97EE70C}.Debug|x86.Build.0 = Debug|Any CPU
		{3F31BEAB-08D6-4947-9590-C35AA97EE70C}.Release|Any CPU.ActiveCfg = Release|Any CPU
		{3F31BEAB-08D6-4947-9590-C35AA97EE70C}.Release|Any CPU.Build.0 = Release|Any CPU
		{3F31BEAB-08D6-4947-9590-C35AA97EE70C}.Release|x64.ActiveCfg = Release|Any CPU
		{3F31BEAB-08D6-4947-9590-C35AA97EE70C}.Release|x64.Build.0 = Release|Any CPU
		{3F31BEAB-08D6-4947-9590-C35AA97EE70C}.Release|x86.ActiveCfg = Release|Any CPU
		{3F31BEAB-08D6-4947-9590-C35AA97EE70C}.Release|x86.Build.0 = Release|Any CPU
		{88E05DE8-3657-4A8E-8F95-A049AFCB61D4}.Debug|Any CPU.ActiveCfg = Debug|Any CPU
		{88E05DE8-3657-4A8E-8F95-A049AFCB61D4}.Debug|Any CPU.Build.0 = Debug|Any CPU
		{88E05DE8-3657-4A8E-8F95-A049AFCB61D4}.Debug|x64.ActiveCfg = Debug|Any CPU
		{88E05DE8-3657-4A8E-8F95-A049AFCB61D4}.Debug|x64.Build.0 = Debug|Any CPU
		{88E05DE8-3657-4A8E-8F95-A049AFCB61D4}.Debug|x86.ActiveCfg = Debug|Any CPU
		{88E05DE8-3657-4A8E-8F95-A049AFCB61D4}.Debug|x86.Build.0 = Debug|Any CPU
		{88E05DE8-3657-4A8E-8F95-A049AFCB61D4}.Release|Any CPU.ActiveCfg = Release|Any CPU
		{88E05DE8-3657-4A8E-8F95-A049AFCB61D4}.Release|Any CPU.Build.0 = Release|Any CPU
		{88E05DE8-3657-4A8E-8F95-A049AFCB61D4}.Release|x64.ActiveCfg = Release|Any CPU
		{88E05DE8-3657-4A8E-8F95-A049AFCB61D4}.Release|x64.Build.0 = Release|Any CPU
		{88E05DE8-3657-4A8E-8F95-A049AFCB61D4}.Release|x86.ActiveCfg = Release|Any CPU
		{88E05DE8-3657-4A8E-8F95-A049AFCB61D4}.Release|x86.Build.0 = Release|Any CPU
		{B539F913-1781-4767-95C4-089C93B06A34}.Debug|Any CPU.ActiveCfg = Debug|Any CPU
		{B539F913-1781-4767-95C4-089C93B06A34}.Debug|Any CPU.Build.0 = Debug|Any CPU
		{B539F913-1781-4767-95C4-089C93B06A34}.Debug|x64.ActiveCfg = Debug|Any CPU
		{B539F913-1781-4767-95C4-089C93B06A34}.Debug|x64.Build.0 = Debug|Any CPU
		{B539F913-1781-4767-95C4-089C93B06A34}.Debug|x86.ActiveCfg = Debug|Any CPU
		{B539F913-1781-4767-95C4-089C93B06A34}.Debug|x86.Build.0 = Debug|Any CPU
		{B539F913-1781-4767-95C4-089C93B06A34}.Release|Any CPU.ActiveCfg = Release|Any CPU
		{B539F913-1781-4767-95C4-089C93B06A34}.Release|Any CPU.Build.0 = Release|Any CPU
		{B539F913-1781-4767-95C4-089C93B06A34}.Release|x64.ActiveCfg = Release|Any CPU
		{B539F913-1781-4767-95C4-089C93B06A34}.Release|x64.Build.0 = Release|Any CPU
		{B539F913-1781-4767-95C4-089C93B06A34}.Release|x86.ActiveCfg = Release|Any CPU
		{B539F913-1781-4767-95C4-089C93B06A34}.Release|x86.Build.0 = Release|Any CPU
		{0CB792EA-FF82-4B48-A4BF-F2C841546126}.Debug|Any CPU.ActiveCfg = Debug|Any CPU
		{0CB792EA-FF82-4B48-A4BF-F2C841546126}.Debug|Any CPU.Build.0 = Debug|Any CPU
		{0CB792EA-FF82-4B48-A4BF-F2C841546126}.Debug|x64.ActiveCfg = Debug|Any CPU
		{0CB792EA-FF82-4B48-A4BF-F2C841546126}.Debug|x64.Build.0 = Debug|Any CPU
		{0CB792EA-FF82-4B48-A4BF-F2C841546126}.Debug|x86.ActiveCfg = Debug|Any CPU
		{0CB792EA-FF82-4B48-A4BF-F2C841546126}.Debug|x86.Build.0 = Debug|Any CPU
		{0CB792EA-FF82-4B48-A4BF-F2C841546126}.Release|Any CPU.ActiveCfg = Release|Any CPU
		{0CB792EA-FF82-4B48-A4BF-F2C841546126}.Release|Any CPU.Build.0 = Release|Any CPU
		{0CB792EA-FF82-4B48-A4BF-F2C841546126}.Release|x64.ActiveCfg = Release|Any CPU
		{0CB792EA-FF82-4B48-A4BF-F2C841546126}.Release|x64.Build.0 = Release|Any CPU
		{0CB792EA-FF82-4B48-A4BF-F2C841546126}.Release|x86.ActiveCfg = Release|Any CPU
		{0CB792EA-FF82-4B48-A4BF-F2C841546126}.Release|x86.Build.0 = Release|Any CPU
		{57583FF2-4949-4832-AC8B-709EA88AAD14}.Debug|Any CPU.ActiveCfg = Debug|Any CPU
		{57583FF2-4949-4832-AC8B-709EA88AAD14}.Debug|Any CPU.Build.0 = Debug|Any CPU
		{57583FF2-4949-4832-AC8B-709EA88AAD14}.Debug|x64.ActiveCfg = Debug|Any CPU
		{57583FF2-4949-4832-AC8B-709EA88AAD14}.Debug|x64.Build.0 = Debug|Any CPU
		{57583FF2-4949-4832-AC8B-709EA88AAD14}.Debug|x86.ActiveCfg = Debug|Any CPU
		{57583FF2-4949-4832-AC8B-709EA88AAD14}.Debug|x86.Build.0 = Debug|Any CPU
		{57583FF2-4949-4832-AC8B-709EA88AAD14}.Release|Any CPU.ActiveCfg = Release|Any CPU
		{57583FF2-4949-4832-AC8B-709EA88AAD14}.Release|Any CPU.Build.0 = Release|Any CPU
		{57583FF2-4949-4832-AC8B-709EA88AAD14}.Release|x64.ActiveCfg = Release|Any CPU
		{57583FF2-4949-4832-AC8B-709EA88AAD14}.Release|x64.Build.0 = Release|Any CPU
		{57583FF2-4949-4832-AC8B-709EA88AAD14}.Release|x86.ActiveCfg = Release|Any CPU
		{57583FF2-4949-4832-AC8B-709EA88AAD14}.Release|x86.Build.0 = Release|Any CPU
		{702A0D42-C20D-4B11-A8B7-0CB1FEED7B63}.Debug|Any CPU.ActiveCfg = Debug|Any CPU
		{702A0D42-C20D-4B11-A8B7-0CB1FEED7B63}.Debug|Any CPU.Build.0 = Debug|Any CPU
		{702A0D42-C20D-4B11-A8B7-0CB1FEED7B63}.Debug|x64.ActiveCfg = Debug|Any CPU
		{702A0D42-C20D-4B11-A8B7-0CB1FEED7B63}.Debug|x64.Build.0 = Debug|Any CPU
		{702A0D42-C20D-4B11-A8B7-0CB1FEED7B63}.Debug|x86.ActiveCfg = Debug|Any CPU
		{702A0D42-C20D-4B11-A8B7-0CB1FEED7B63}.Debug|x86.Build.0 = Debug|Any CPU
		{702A0D42-C20D-4B11-A8B7-0CB1FEED7B63}.Release|Any CPU.ActiveCfg = Release|Any CPU
		{702A0D42-C20D-4B11-A8B7-0CB1FEED7B63}.Release|Any CPU.Build.0 = Release|Any CPU
		{702A0D42-C20D-4B11-A8B7-0CB1FEED7B63}.Release|x64.ActiveCfg = Release|Any CPU
		{702A0D42-C20D-4B11-A8B7-0CB1FEED7B63}.Release|x64.Build.0 = Release|Any CPU
		{702A0D42-C20D-4B11-A8B7-0CB1FEED7B63}.Release|x86.ActiveCfg = Release|Any CPU
		{702A0D42-C20D-4B11-A8B7-0CB1FEED7B63}.Release|x86.Build.0 = Release|Any CPU
		{4BD773C1-9C72-4204-9B52-4845443DB9E7}.Debug|Any CPU.ActiveCfg = Debug|Any CPU
		{4BD773C1-9C72-4204-9B52-4845443DB9E7}.Debug|Any CPU.Build.0 = Debug|Any CPU
		{4BD773C1-9C72-4204-9B52-4845443DB9E7}.Debug|x64.ActiveCfg = Debug|Any CPU
		{4BD773C1-9C72-4204-9B52-4845443DB9E7}.Debug|x64.Build.0 = Debug|Any CPU
		{4BD773C1-9C72-4204-9B52-4845443DB9E7}.Debug|x86.ActiveCfg = Debug|Any CPU
		{4BD773C1-9C72-4204-9B52-4845443DB9E7}.Debug|x86.Build.0 = Debug|Any CPU
		{4BD773C1-9C72-4204-9B52-4845443DB9E7}.Release|Any CPU.ActiveCfg = Release|Any CPU
		{4BD773C1-9C72-4204-9B52-4845443DB9E7}.Release|Any CPU.Build.0 = Release|Any CPU
		{4BD773C1-9C72-4204-9B52-4845443DB9E7}.Release|x64.ActiveCfg = Release|Any CPU
		{4BD773C1-9C72-4204-9B52-4845443DB9E7}.Release|x64.Build.0 = Release|Any CPU
		{4BD773C1-9C72-4204-9B52-4845443DB9E7}.Release|x86.ActiveCfg = Release|Any CPU
		{4BD773C1-9C72-4204-9B52-4845443DB9E7}.Release|x86.Build.0 = Release|Any CPU
	EndGlobalSection
	GlobalSection(SolutionProperties) = preSolution
		HideSolutionNode = FALSE
	EndGlobalSection
	GlobalSection(NestedProjects) = preSolution
		{D213DFF4-56EB-4860-8C37-5B82A5293BF7} = {00284472-E972-43C0-999D-AB2C0853AD4E}
		{4BCDD3B6-AA86-44B7-881C-72E8AEBC9546} = {00284472-E972-43C0-999D-AB2C0853AD4E}
		{B4A16D38-AA12-4B0C-9290-F049C6DB3BF8} = {00284472-E972-43C0-999D-AB2C0853AD4E}
		{A1BEDA2F-42FF-4739-A56A-93E242B1E91C} = {00284472-E972-43C0-999D-AB2C0853AD4E}
		{CE3146EF-38F2-492D-956C-BE885F3E32CA} = {00284472-E972-43C0-999D-AB2C0853AD4E}
		{A2295A21-9D1B-42E5-8FC2-5B14525AA43B} = {47E4605D-2C46-4D7D-A48D-871D39050BD8}
		{DD5A1038-54A0-4603-B27B-1F219023EF93} = {47E4605D-2C46-4D7D-A48D-871D39050BD8}
		{3F31BEAB-08D6-4947-9590-C35AA97EE70C} = {47E4605D-2C46-4D7D-A48D-871D39050BD8}
		{88E05DE8-3657-4A8E-8F95-A049AFCB61D4} = {47E4605D-2C46-4D7D-A48D-871D39050BD8}
		{B539F913-1781-4767-95C4-089C93B06A34} = {546B970A-F08A-462A-B2AF-F170962B8F91}
		{0CB792EA-FF82-4B48-A4BF-F2C841546126} = {00284472-E972-43C0-999D-AB2C0853AD4E}
		{57583FF2-4949-4832-AC8B-709EA88AAD14} = {00284472-E972-43C0-999D-AB2C0853AD4E}
		{702A0D42-C20D-4B11-A8B7-0CB1FEED7B63} = {546B970A-F08A-462A-B2AF-F170962B8F91}
		{4BD773C1-9C72-4204-9B52-4845443DB9E7} = {00284472-E972-43C0-999D-AB2C0853AD4E}
	EndGlobalSection
	GlobalSection(ExtensibilityGlobals) = postSolution
		SolutionGuid = {372FE107-C878-40F3-834B-88F00C02B5E2}
	EndGlobalSection
EndGlobal
